// !$*UTF8*$!
{
	archiveVersion = 1;
	classes = {
	};
	objectVersion = 56;
	objects = {

/* Begin PBXBuildFile section */
		B51C4BBC2972032800FEEF50 /* DonorTrackApp.swift in Sources */ = {isa = PBXBuildFile; fileRef = B51C4BBB2972032800FEEF50 /* DonorTrackApp.swift */; };
		B51C4BBE2972032800FEEF50 /* ContentView.swift in Sources */ = {isa = PBXBuildFile; fileRef = B51C4BBD2972032800FEEF50 /* ContentView.swift */; };
		B51C4BC02972032900FEEF50 /* Assets.xcassets in Resources */ = {isa = PBXBuildFile; fileRef = B51C4BBF2972032900FEEF50 /* Assets.xcassets */; };
		B51C4BC32972032900FEEF50 /* Preview Assets.xcassets in Resources */ = {isa = PBXBuildFile; fileRef = B51C4BC22972032900FEEF50 /* Preview Assets.xcassets */; };
		B51C4BCA2972049800FEEF50 /* NewDonationView.swift in Sources */ = {isa = PBXBuildFile; fileRef = B51C4BC92972049800FEEF50 /* NewDonationView.swift */; };
		B51C4BCC297204B500FEEF50 /* DonationsListView.swift in Sources */ = {isa = PBXBuildFile; fileRef = B51C4BCB297204B500FEEF50 /* DonationsListView.swift */; };
		B51C4BD22972056900FEEF50 /* DonationsDataModel.xcdatamodeld in Sources */ = {isa = PBXBuildFile; fileRef = B51C4BD02972056900FEEF50 /* DonationsDataModel.xcdatamodeld */; };
		B51C4BD42972090900FEEF50 /* DonationEntity.swift in Sources */ = {isa = PBXBuildFile; fileRef = B51C4BD32972090900FEEF50 /* DonationEntity.swift */; };
		B51C4BD829720BEC00FEEF50 /* DonationsProvider.swift in Sources */ = {isa = PBXBuildFile; fileRef = B51C4BD729720BEC00FEEF50 /* DonationsProvider.swift */; };
		B51C4BDA297212F600FEEF50 /* DonationRowView.swift in Sources */ = {isa = PBXBuildFile; fileRef = B51C4BD9297212F600FEEF50 /* DonationRowView.swift */; };
		B51C4BDC297215E700FEEF50 /* DonationDetailView.swift in Sources */ = {isa = PBXBuildFile; fileRef = B51C4BDB297215E700FEEF50 /* DonationDetailView.swift */; };
		B51C4BDE2972F6E500FEEF50 /* TestView.swift in Sources */ = {isa = PBXBuildFile; fileRef = B51C4BDD2972F6E500FEEF50 /* TestView.swift */; };
		B51C4BE12972FD0B00FEEF50 /* View+Ext.swift in Sources */ = {isa = PBXBuildFile; fileRef = B51C4BE02972FD0B00FEEF50 /* View+Ext.swift */; };
		B51C4BE32973008500FEEF50 /* ValueField.swift in Sources */ = {isa = PBXBuildFile; fileRef = B51C4BE22973008500FEEF50 /* ValueField.swift */; };
		B51C4BEA29743E9A00FEEF50 /* Binding+Ext.swift in Sources */ = {isa = PBXBuildFile; fileRef = B51C4BE929743E9A00FEEF50 /* Binding+Ext.swift */; };
		B51C4BEC2974BB6000FEEF50 /* NewDonationViewModel.swift in Sources */ = {isa = PBXBuildFile; fileRef = B51C4BEB2974BB6000FEEF50 /* NewDonationViewModel.swift */; };
		B51C4BEE29759DE100FEEF50 /* KeyboardReadable+Ext.swift in Sources */ = {isa = PBXBuildFile; fileRef = B51C4BED29759DE100FEEF50 /* KeyboardReadable+Ext.swift */; };
		B51C4BF02975A45400FEEF50 /* Date+Ext.swift in Sources */ = {isa = PBXBuildFile; fileRef = B51C4BEF2975A45400FEEF50 /* Date+Ext.swift */; };
		B51C4BF52975EA4900FEEF50 /* HapticManager.swift in Sources */ = {isa = PBXBuildFile; fileRef = B51C4BF42975EA4900FEEF50 /* HapticManager.swift */; };
		B51C4BF92976EDD200FEEF50 /* DonationsListViewModel.swift in Sources */ = {isa = PBXBuildFile; fileRef = B51C4BF82976EDD200FEEF50 /* DonationsListViewModel.swift */; };
		B51C4BFD297895CB00FEEF50 /* AdaptToKeyboard.swift in Sources */ = {isa = PBXBuildFile; fileRef = B51C4BFC297895CB00FEEF50 /* AdaptToKeyboard.swift */; };
		B51C4C002978C71D00FEEF50 /* EditDonationView.swift in Sources */ = {isa = PBXBuildFile; fileRef = B51C4BFF2978C71D00FEEF50 /* EditDonationView.swift */; };
		B51C4C032978CAA000FEEF50 /* EditDonationViewModel.swift in Sources */ = {isa = PBXBuildFile; fileRef = B51C4C022978CAA000FEEF50 /* EditDonationViewModel.swift */; };
		B5359EC3298EAE4600566111 /* SettingsView.swift in Sources */ = {isa = PBXBuildFile; fileRef = B5359EC2298EAE4600566111 /* SettingsView.swift */; };
		B5359EC5298EB5D400566111 /* Symbols.swift in Sources */ = {isa = PBXBuildFile; fileRef = B5359EC4298EB5D400566111 /* Symbols.swift */; };
		B5359EC7298EB94A00566111 /* UserDefaultKeys.swift in Sources */ = {isa = PBXBuildFile; fileRef = B5359EC6298EB94A00566111 /* UserDefaultKeys.swift */; };
		B541F8C229D6325300915970 /* ReviewsRequestManager.swift in Sources */ = {isa = PBXBuildFile; fileRef = B541F8C129D6325300915970 /* ReviewsRequestManager.swift */; };
		B541F8C429D6574800915970 /* AppReviewRequestTests.swift in Sources */ = {isa = PBXBuildFile; fileRef = B541F8C329D6574800915970 /* AppReviewRequestTests.swift */; };
		B573232E297B384B003D0C3E /* DataField.swift in Sources */ = {isa = PBXBuildFile; fileRef = B573232D297B384B003D0C3E /* DataField.swift */; };
		B595C04C29929B3600F80A68 /* TipJarView.swift in Sources */ = {isa = PBXBuildFile; fileRef = B595C04B29929B3600F80A68 /* TipJarView.swift */; };
		B595C04E2992A80700F80A68 /* TipJarRow.swift in Sources */ = {isa = PBXBuildFile; fileRef = B595C04D2992A80700F80A68 /* TipJarRow.swift */; };
		B595C0512992A9B400F80A68 /* StoreKit.framework in Frameworks */ = {isa = PBXBuildFile; fileRef = B595C0502992A9B400F80A68 /* StoreKit.framework */; };
		B595C0542992BBE700F80A68 /* TipProductIdentifiers.swift in Sources */ = {isa = PBXBuildFile; fileRef = B595C0532992BBE700F80A68 /* TipProductIdentifiers.swift */; };
		B595C0562992BC7D00F80A68 /* TipStore.swift in Sources */ = {isa = PBXBuildFile; fileRef = B595C0552992BC7D00F80A68 /* TipStore.swift */; };
		B5A61DAE297ECD6A0065FADC /* ModelTests.swift in Sources */ = {isa = PBXBuildFile; fileRef = B5A61DAD297ECD6A0065FADC /* ModelTests.swift */; };
		B5A61DB0297F261A0065FADC /* DTFormTextFieldStyle.swift in Sources */ = {isa = PBXBuildFile; fileRef = B5A61DAF297F261A0065FADC /* DTFormTextFieldStyle.swift */; };
		B5C208E329B7AFAD00CFEFDD /* DonorTrack.docc in Sources */ = {isa = PBXBuildFile; fileRef = B5C208E229B7AFAD00CFEFDD /* DonorTrack.docc */; };
		B5CDFA97298DACE4005072BC /* CheckmarkView.swift in Sources */ = {isa = PBXBuildFile; fileRef = B5CDFA96298DACE4005072BC /* CheckmarkView.swift */; };
/* End PBXBuildFile section */

/* Begin PBXContainerItemProxy section */
		B5A61DA8297ECD200065FADC /* PBXContainerItemProxy */ = {
			isa = PBXContainerItemProxy;
			containerPortal = B51C4BB02972032800FEEF50 /* Project object */;
			proxyType = 1;
			remoteGlobalIDString = B51C4BB72972032800FEEF50;
			remoteInfo = DonorTrack;
		};
/* End PBXContainerItemProxy section */

/* Begin PBXFileReference section */
		B51C4BB82972032800FEEF50 /* DonorTrack.app */ = {isa = PBXFileReference; explicitFileType = wrapper.application; includeInIndex = 0; path = DonorTrack.app; sourceTree = BUILT_PRODUCTS_DIR; };
		B51C4BBB2972032800FEEF50 /* DonorTrackApp.swift */ = {isa = PBXFileReference; lastKnownFileType = sourcecode.swift; path = DonorTrackApp.swift; sourceTree = "<group>"; };
		B51C4BBD2972032800FEEF50 /* ContentView.swift */ = {isa = PBXFileReference; lastKnownFileType = sourcecode.swift; path = ContentView.swift; sourceTree = "<group>"; };
		B51C4BBF2972032900FEEF50 /* Assets.xcassets */ = {isa = PBXFileReference; lastKnownFileType = folder.assetcatalog; path = Assets.xcassets; sourceTree = "<group>"; };
		B51C4BC22972032900FEEF50 /* Preview Assets.xcassets */ = {isa = PBXFileReference; lastKnownFileType = folder.assetcatalog; path = "Preview Assets.xcassets"; sourceTree = "<group>"; };
		B51C4BC92972049800FEEF50 /* NewDonationView.swift */ = {isa = PBXFileReference; lastKnownFileType = sourcecode.swift; path = NewDonationView.swift; sourceTree = "<group>"; };
		B51C4BCB297204B500FEEF50 /* DonationsListView.swift */ = {isa = PBXFileReference; lastKnownFileType = sourcecode.swift; path = DonationsListView.swift; sourceTree = "<group>"; };
		B51C4BD12972056900FEEF50 /* DonationsDataModel.xcdatamodel */ = {isa = PBXFileReference; lastKnownFileType = wrapper.xcdatamodel; path = DonationsDataModel.xcdatamodel; sourceTree = "<group>"; };
		B51C4BD32972090900FEEF50 /* DonationEntity.swift */ = {isa = PBXFileReference; lastKnownFileType = sourcecode.swift; path = DonationEntity.swift; sourceTree = "<group>"; };
		B51C4BD729720BEC00FEEF50 /* DonationsProvider.swift */ = {isa = PBXFileReference; lastKnownFileType = sourcecode.swift; path = DonationsProvider.swift; sourceTree = "<group>"; };
		B51C4BD9297212F600FEEF50 /* DonationRowView.swift */ = {isa = PBXFileReference; lastKnownFileType = sourcecode.swift; path = DonationRowView.swift; sourceTree = "<group>"; };
		B51C4BDB297215E700FEEF50 /* DonationDetailView.swift */ = {isa = PBXFileReference; lastKnownFileType = sourcecode.swift; path = DonationDetailView.swift; sourceTree = "<group>"; };
		B51C4BDD2972F6E500FEEF50 /* TestView.swift */ = {isa = PBXFileReference; lastKnownFileType = sourcecode.swift; path = TestView.swift; sourceTree = "<group>"; };
		B51C4BE02972FD0B00FEEF50 /* View+Ext.swift */ = {isa = PBXFileReference; lastKnownFileType = sourcecode.swift; path = "View+Ext.swift"; sourceTree = "<group>"; };
		B51C4BE22973008500FEEF50 /* ValueField.swift */ = {isa = PBXFileReference; lastKnownFileType = sourcecode.swift; path = ValueField.swift; sourceTree = "<group>"; };
		B51C4BE929743E9A00FEEF50 /* Binding+Ext.swift */ = {isa = PBXFileReference; lastKnownFileType = sourcecode.swift; path = "Binding+Ext.swift"; sourceTree = "<group>"; };
		B51C4BEB2974BB6000FEEF50 /* NewDonationViewModel.swift */ = {isa = PBXFileReference; lastKnownFileType = sourcecode.swift; path = NewDonationViewModel.swift; sourceTree = "<group>"; };
		B51C4BED29759DE100FEEF50 /* KeyboardReadable+Ext.swift */ = {isa = PBXFileReference; lastKnownFileType = sourcecode.swift; path = "KeyboardReadable+Ext.swift"; sourceTree = "<group>"; };
		B51C4BEF2975A45400FEEF50 /* Date+Ext.swift */ = {isa = PBXFileReference; lastKnownFileType = sourcecode.swift; path = "Date+Ext.swift"; sourceTree = "<group>"; };
		B51C4BF42975EA4900FEEF50 /* HapticManager.swift */ = {isa = PBXFileReference; lastKnownFileType = sourcecode.swift; path = HapticManager.swift; sourceTree = "<group>"; };
		B51C4BF6297605FC00FEEF50 /* Info.plist */ = {isa = PBXFileReference; lastKnownFileType = text.plist; path = Info.plist; sourceTree = "<group>"; };
		B51C4BF82976EDD200FEEF50 /* DonationsListViewModel.swift */ = {isa = PBXFileReference; lastKnownFileType = sourcecode.swift; path = DonationsListViewModel.swift; sourceTree = "<group>"; };
		B51C4BFC297895CB00FEEF50 /* AdaptToKeyboard.swift */ = {isa = PBXFileReference; lastKnownFileType = sourcecode.swift; path = AdaptToKeyboard.swift; sourceTree = "<group>"; };
		B51C4BFF2978C71D00FEEF50 /* EditDonationView.swift */ = {isa = PBXFileReference; lastKnownFileType = sourcecode.swift; path = EditDonationView.swift; sourceTree = "<group>"; };
		B51C4C022978CAA000FEEF50 /* EditDonationViewModel.swift */ = {isa = PBXFileReference; lastKnownFileType = sourcecode.swift; path = EditDonationViewModel.swift; sourceTree = "<group>"; };
		B5359EC2298EAE4600566111 /* SettingsView.swift */ = {isa = PBXFileReference; lastKnownFileType = sourcecode.swift; path = SettingsView.swift; sourceTree = "<group>"; };
		B5359EC4298EB5D400566111 /* Symbols.swift */ = {isa = PBXFileReference; lastKnownFileType = sourcecode.swift; path = Symbols.swift; sourceTree = "<group>"; };
		B5359EC6298EB94A00566111 /* UserDefaultKeys.swift */ = {isa = PBXFileReference; lastKnownFileType = sourcecode.swift; path = UserDefaultKeys.swift; sourceTree = "<group>"; };
		B541F8C129D6325300915970 /* ReviewsRequestManager.swift */ = {isa = PBXFileReference; lastKnownFileType = sourcecode.swift; path = ReviewsRequestManager.swift; sourceTree = "<group>"; };
		B541F8C329D6574800915970 /* AppReviewRequestTests.swift */ = {isa = PBXFileReference; lastKnownFileType = sourcecode.swift; path = AppReviewRequestTests.swift; sourceTree = "<group>"; };
		B573232D297B384B003D0C3E /* DataField.swift */ = {isa = PBXFileReference; lastKnownFileType = sourcecode.swift; path = DataField.swift; sourceTree = "<group>"; };
		B595C04B29929B3600F80A68 /* TipJarView.swift */ = {isa = PBXFileReference; lastKnownFileType = sourcecode.swift; path = TipJarView.swift; sourceTree = "<group>"; };
		B595C04D2992A80700F80A68 /* TipJarRow.swift */ = {isa = PBXFileReference; lastKnownFileType = sourcecode.swift; path = TipJarRow.swift; sourceTree = "<group>"; };
		B595C0502992A9B400F80A68 /* StoreKit.framework */ = {isa = PBXFileReference; lastKnownFileType = wrapper.framework; name = StoreKit.framework; path = System/Library/Frameworks/StoreKit.framework; sourceTree = SDKROOT; };
		B595C0522992B73E00F80A68 /* MyTipsStoreKitConfig.storekit */ = {isa = PBXFileReference; lastKnownFileType = text; path = MyTipsStoreKitConfig.storekit; sourceTree = "<group>"; };
		B595C0532992BBE700F80A68 /* TipProductIdentifiers.swift */ = {isa = PBXFileReference; lastKnownFileType = sourcecode.swift; path = TipProductIdentifiers.swift; sourceTree = "<group>"; };
		B595C0552992BC7D00F80A68 /* TipStore.swift */ = {isa = PBXFileReference; lastKnownFileType = sourcecode.swift; path = TipStore.swift; sourceTree = "<group>"; };
		B5A61DA4297ECD200065FADC /* DonorTrackTests.xctest */ = {isa = PBXFileReference; explicitFileType = wrapper.cfbundle; includeInIndex = 0; path = DonorTrackTests.xctest; sourceTree = BUILT_PRODUCTS_DIR; };
		B5A61DAD297ECD6A0065FADC /* ModelTests.swift */ = {isa = PBXFileReference; lastKnownFileType = sourcecode.swift; path = ModelTests.swift; sourceTree = "<group>"; };
		B5A61DAF297F261A0065FADC /* DTFormTextFieldStyle.swift */ = {isa = PBXFileReference; lastKnownFileType = sourcecode.swift; path = DTFormTextFieldStyle.swift; sourceTree = "<group>"; };
		B5C208E229B7AFAD00CFEFDD /* DonorTrack.docc */ = {isa = PBXFileReference; lastKnownFileType = folder.documentationcatalog; path = DonorTrack.docc; sourceTree = "<group>"; };
		B5CDFA96298DACE4005072BC /* CheckmarkView.swift */ = {isa = PBXFileReference; lastKnownFileType = sourcecode.swift; path = CheckmarkView.swift; sourceTree = "<group>"; };
/* End PBXFileReference section */

/* Begin PBXFrameworksBuildPhase section */
		B51C4BB52972032800FEEF50 /* Frameworks */ = {
			isa = PBXFrameworksBuildPhase;
			buildActionMask = 2147483647;
			files = (
				B595C0512992A9B400F80A68 /* StoreKit.framework in Frameworks */,
			);
			runOnlyForDeploymentPostprocessing = 0;
		};
		B5A61DA1297ECD200065FADC /* Frameworks */ = {
			isa = PBXFrameworksBuildPhase;
			buildActionMask = 2147483647;
			files = (
			);
			runOnlyForDeploymentPostprocessing = 0;
		};
/* End PBXFrameworksBuildPhase section */

/* Begin PBXGroup section */
		B51C4BAF2972032800FEEF50 = {
			isa = PBXGroup;
			children = (
				B51C4BBA2972032800FEEF50 /* DonorTrack */,
				B5A61DA5297ECD200065FADC /* DonorTrackTests */,
				B51C4BB92972032800FEEF50 /* Products */,
				B595C04F2992A9B400F80A68 /* Frameworks */,
			);
			sourceTree = "<group>";
		};
		B51C4BB92972032800FEEF50 /* Products */ = {
			isa = PBXGroup;
			children = (
				B51C4BB82972032800FEEF50 /* DonorTrack.app */,
				B5A61DA4297ECD200065FADC /* DonorTrackTests.xctest */,
			);
			name = Products;
			sourceTree = "<group>";
		};
		B51C4BBA2972032800FEEF50 /* DonorTrack */ = {
			isa = PBXGroup;
			children = (
				B51C4BF6297605FC00FEEF50 /* Info.plist */,
				B51C4BBB2972032800FEEF50 /* DonorTrackApp.swift */,
				B51C4BBD2972032800FEEF50 /* ContentView.swift */,
				B51C4BF32975EA3200FEEF50 /* Utilities */,
				B51C4BDF2972FCD500FEEF50 /* Extensions */,
				B51C4BD629720BC900FEEF50 /* Provider */,
				B51C4BD52972095500FEEF50 /* Model */,
				B51C4BE62973839E00FEEF50 /* Core */,
				B51C4BDD2972F6E500FEEF50 /* TestView.swift */,
				B51C4BBF2972032900FEEF50 /* Assets.xcassets */,
				B51C4BC12972032900FEEF50 /* Preview Content */,
				B5C208E229B7AFAD00CFEFDD /* DonorTrack.docc */,
			);
			path = DonorTrack;
			sourceTree = "<group>";
		};
		B51C4BC12972032900FEEF50 /* Preview Content */ = {
			isa = PBXGroup;
			children = (
				B51C4BC22972032900FEEF50 /* Preview Assets.xcassets */,
			);
			path = "Preview Content";
			sourceTree = "<group>";
		};
		B51C4BD52972095500FEEF50 /* Model */ = {
			isa = PBXGroup;
			children = (
				B51C4BD32972090900FEEF50 /* DonationEntity.swift */,
				B51C4BD02972056900FEEF50 /* DonationsDataModel.xcdatamodeld */,
			);
			path = Model;
			sourceTree = "<group>";
		};
		B51C4BD629720BC900FEEF50 /* Provider */ = {
			isa = PBXGroup;
			children = (
				B51C4BD729720BEC00FEEF50 /* DonationsProvider.swift */,
			);
			path = Provider;
			sourceTree = "<group>";
		};
		B51C4BDF2972FCD500FEEF50 /* Extensions */ = {
			isa = PBXGroup;
			children = (
				B51C4BE02972FD0B00FEEF50 /* View+Ext.swift */,
				B51C4BE929743E9A00FEEF50 /* Binding+Ext.swift */,
				B51C4BED29759DE100FEEF50 /* KeyboardReadable+Ext.swift */,
				B51C4BEF2975A45400FEEF50 /* Date+Ext.swift */,
				B51C4BFC297895CB00FEEF50 /* AdaptToKeyboard.swift */,
			);
			path = Extensions;
			sourceTree = "<group>";
		};
		B51C4BE62973839E00FEEF50 /* Core */ = {
			isa = PBXGroup;
			children = (
				B595C04A29929B0D00F80A68 /* TipJar */,
				B5359EC1298EAE2400566111 /* Settings */,
				B51C4C012978CA4A00FEEF50 /* DonationDetail */,
				B51C4BFE2978C70700FEEF50 /* EditDonation */,
				B51C4BE82973842B00FEEF50 /* NewDonation */,
				B51C4BF729761F2A00FEEF50 /* DonationHistory */,
				B51C4BE72973841800FEEF50 /* Components */,
			);
			path = Core;
			sourceTree = "<group>";
		};
		B51C4BE72973841800FEEF50 /* Components */ = {
			isa = PBXGroup;
			children = (
				B51C4BE22973008500FEEF50 /* ValueField.swift */,
				B5A61DAF297F261A0065FADC /* DTFormTextFieldStyle.swift */,
				B5CDFA96298DACE4005072BC /* CheckmarkView.swift */,
			);
			path = Components;
			sourceTree = "<group>";
		};
		B51C4BE82973842B00FEEF50 /* NewDonation */ = {
			isa = PBXGroup;
			children = (
				B51C4BC92972049800FEEF50 /* NewDonationView.swift */,
				B51C4BEB2974BB6000FEEF50 /* NewDonationViewModel.swift */,
			);
			path = NewDonation;
			sourceTree = "<group>";
		};
		B51C4BF32975EA3200FEEF50 /* Utilities */ = {
			isa = PBXGroup;
			children = (
				B51C4BF42975EA4900FEEF50 /* HapticManager.swift */,
				B5359EC4298EB5D400566111 /* Symbols.swift */,
				B5359EC6298EB94A00566111 /* UserDefaultKeys.swift */,
				B595C0522992B73E00F80A68 /* MyTipsStoreKitConfig.storekit */,
				B595C0532992BBE700F80A68 /* TipProductIdentifiers.swift */,
				B595C0552992BC7D00F80A68 /* TipStore.swift */,
				B541F8C129D6325300915970 /* ReviewsRequestManager.swift */,
			);
			path = Utilities;
			sourceTree = "<group>";
		};
		B51C4BF729761F2A00FEEF50 /* DonationHistory */ = {
			isa = PBXGroup;
			children = (
				B51C4BCB297204B500FEEF50 /* DonationsListView.swift */,
				B51C4BF82976EDD200FEEF50 /* DonationsListViewModel.swift */,
				B51C4BD9297212F600FEEF50 /* DonationRowView.swift */,
			);
			path = DonationHistory;
			sourceTree = "<group>";
		};
		B51C4BFE2978C70700FEEF50 /* EditDonation */ = {
			isa = PBXGroup;
			children = (
				B51C4BFF2978C71D00FEEF50 /* EditDonationView.swift */,
				B51C4C022978CAA000FEEF50 /* EditDonationViewModel.swift */,
				B573232D297B384B003D0C3E /* DataField.swift */,
			);
			path = EditDonation;
			sourceTree = "<group>";
		};
		B51C4C012978CA4A00FEEF50 /* DonationDetail */ = {
			isa = PBXGroup;
			children = (
				B51C4BDB297215E700FEEF50 /* DonationDetailView.swift */,
			);
			path = DonationDetail;
			sourceTree = "<group>";
		};
		B5359EC1298EAE2400566111 /* Settings */ = {
			isa = PBXGroup;
			children = (
				B5359EC2298EAE4600566111 /* SettingsView.swift */,
			);
			path = Settings;
			sourceTree = "<group>";
		};
		B595C04A29929B0D00F80A68 /* TipJar */ = {
			isa = PBXGroup;
			children = (
				B595C04B29929B3600F80A68 /* TipJarView.swift */,
				B595C04D2992A80700F80A68 /* TipJarRow.swift */,
			);
			path = TipJar;
			sourceTree = "<group>";
		};
		B595C04F2992A9B400F80A68 /* Frameworks */ = {
			isa = PBXGroup;
			children = (
				B595C0502992A9B400F80A68 /* StoreKit.framework */,
			);
			name = Frameworks;
			sourceTree = "<group>";
		};
		B5A61DA5297ECD200065FADC /* DonorTrackTests */ = {
			isa = PBXGroup;
			children = (
				B5A61DAD297ECD6A0065FADC /* ModelTests.swift */,
				B541F8C329D6574800915970 /* AppReviewRequestTests.swift */,
			);
			path = DonorTrackTests;
			sourceTree = "<group>";
		};
/* End PBXGroup section */

/* Begin PBXNativeTarget section */
		B51C4BB72972032800FEEF50 /* DonorTrack */ = {
			isa = PBXNativeTarget;
			buildConfigurationList = B51C4BC62972032900FEEF50 /* Build configuration list for PBXNativeTarget "DonorTrack" */;
			buildPhases = (
				B51C4BB42972032800FEEF50 /* Sources */,
				B51C4BB52972032800FEEF50 /* Frameworks */,
				B51C4BB62972032800FEEF50 /* Resources */,
			);
			buildRules = (
			);
			dependencies = (
			);
			name = DonorTrack;
			productName = DonorTrack;
			productReference = B51C4BB82972032800FEEF50 /* DonorTrack.app */;
			productType = "com.apple.product-type.application";
		};
		B5A61DA3297ECD200065FADC /* DonorTrackTests */ = {
			isa = PBXNativeTarget;
			buildConfigurationList = B5A61DAC297ECD200065FADC /* Build configuration list for PBXNativeTarget "DonorTrackTests" */;
			buildPhases = (
				B5A61DA0297ECD200065FADC /* Sources */,
				B5A61DA1297ECD200065FADC /* Frameworks */,
				B5A61DA2297ECD200065FADC /* Resources */,
			);
			buildRules = (
			);
			dependencies = (
				B5A61DA9297ECD200065FADC /* PBXTargetDependency */,
			);
			name = DonorTrackTests;
			productName = DonorTrackTests;
			productReference = B5A61DA4297ECD200065FADC /* DonorTrackTests.xctest */;
			productType = "com.apple.product-type.bundle.unit-test";
		};
/* End PBXNativeTarget section */

/* Begin PBXProject section */
		B51C4BB02972032800FEEF50 /* Project object */ = {
			isa = PBXProject;
			attributes = {
				BuildIndependentTargetsInParallel = 1;
				LastSwiftUpdateCheck = 1420;
				LastUpgradeCheck = 1420;
				TargetAttributes = {
					B51C4BB72972032800FEEF50 = {
						CreatedOnToolsVersion = 14.2;
					};
					B5A61DA3297ECD200065FADC = {
						CreatedOnToolsVersion = 14.2;
						TestTargetID = B51C4BB72972032800FEEF50;
					};
				};
			};
			buildConfigurationList = B51C4BB32972032800FEEF50 /* Build configuration list for PBXProject "DonorTrack" */;
			compatibilityVersion = "Xcode 14.0";
			developmentRegion = en;
			hasScannedForEncodings = 0;
			knownRegions = (
				en,
				Base,
			);
			mainGroup = B51C4BAF2972032800FEEF50;
			productRefGroup = B51C4BB92972032800FEEF50 /* Products */;
			projectDirPath = "";
			projectRoot = "";
			targets = (
				B51C4BB72972032800FEEF50 /* DonorTrack */,
				B5A61DA3297ECD200065FADC /* DonorTrackTests */,
			);
		};
/* End PBXProject section */

/* Begin PBXResourcesBuildPhase section */
		B51C4BB62972032800FEEF50 /* Resources */ = {
			isa = PBXResourcesBuildPhase;
			buildActionMask = 2147483647;
			files = (
				B51C4BC32972032900FEEF50 /* Preview Assets.xcassets in Resources */,
				B51C4BC02972032900FEEF50 /* Assets.xcassets in Resources */,
			);
			runOnlyForDeploymentPostprocessing = 0;
		};
		B5A61DA2297ECD200065FADC /* Resources */ = {
			isa = PBXResourcesBuildPhase;
			buildActionMask = 2147483647;
			files = (
			);
			runOnlyForDeploymentPostprocessing = 0;
		};
/* End PBXResourcesBuildPhase section */

/* Begin PBXSourcesBuildPhase section */
		B51C4BB42972032800FEEF50 /* Sources */ = {
			isa = PBXSourcesBuildPhase;
			buildActionMask = 2147483647;
			files = (
				B51C4C032978CAA000FEEF50 /* EditDonationViewModel.swift in Sources */,
				B51C4BFD297895CB00FEEF50 /* AdaptToKeyboard.swift in Sources */,
				B51C4BCC297204B500FEEF50 /* DonationsListView.swift in Sources */,
				B51C4BBE2972032800FEEF50 /* ContentView.swift in Sources */,
				B51C4BF02975A45400FEEF50 /* Date+Ext.swift in Sources */,
				B51C4BEE29759DE100FEEF50 /* KeyboardReadable+Ext.swift in Sources */,
				B51C4BD829720BEC00FEEF50 /* DonationsProvider.swift in Sources */,
				B541F8C229D6325300915970 /* ReviewsRequestManager.swift in Sources */,
				B573232E297B384B003D0C3E /* DataField.swift in Sources */,
				B5359EC7298EB94A00566111 /* UserDefaultKeys.swift in Sources */,
				B51C4BF92976EDD200FEEF50 /* DonationsListViewModel.swift in Sources */,
				B51C4BF52975EA4900FEEF50 /* HapticManager.swift in Sources */,
				B5CDFA97298DACE4005072BC /* CheckmarkView.swift in Sources */,
				B595C04E2992A80700F80A68 /* TipJarRow.swift in Sources */,
				B5C208E329B7AFAD00CFEFDD /* DonorTrack.docc in Sources */,
				B51C4BDC297215E700FEEF50 /* DonationDetailView.swift in Sources */,
				B51C4BE32973008500FEEF50 /* ValueField.swift in Sources */,
				B51C4BCA2972049800FEEF50 /* NewDonationView.swift in Sources */,
				B51C4BD42972090900FEEF50 /* DonationEntity.swift in Sources */,
				B595C0562992BC7D00F80A68 /* TipStore.swift in Sources */,
				B5359EC3298EAE4600566111 /* SettingsView.swift in Sources */,
				B51C4BDE2972F6E500FEEF50 /* TestView.swift in Sources */,
				B51C4BEC2974BB6000FEEF50 /* NewDonationViewModel.swift in Sources */,
				B5A61DB0297F261A0065FADC /* DTFormTextFieldStyle.swift in Sources */,
				B595C04C29929B3600F80A68 /* TipJarView.swift in Sources */,
				B51C4BE12972FD0B00FEEF50 /* View+Ext.swift in Sources */,
				B51C4BEA29743E9A00FEEF50 /* Binding+Ext.swift in Sources */,
				B5359EC5298EB5D400566111 /* Symbols.swift in Sources */,
				B51C4BD22972056900FEEF50 /* DonationsDataModel.xcdatamodeld in Sources */,
				B51C4BBC2972032800FEEF50 /* DonorTrackApp.swift in Sources */,
				B51C4C002978C71D00FEEF50 /* EditDonationView.swift in Sources */,
				B595C0542992BBE700F80A68 /* TipProductIdentifiers.swift in Sources */,
				B51C4BDA297212F600FEEF50 /* DonationRowView.swift in Sources */,
			);
			runOnlyForDeploymentPostprocessing = 0;
		};
		B5A61DA0297ECD200065FADC /* Sources */ = {
			isa = PBXSourcesBuildPhase;
			buildActionMask = 2147483647;
			files = (
				B5A61DAE297ECD6A0065FADC /* ModelTests.swift in Sources */,
				B541F8C429D6574800915970 /* AppReviewRequestTests.swift in Sources */,
			);
			runOnlyForDeploymentPostprocessing = 0;
		};
/* End PBXSourcesBuildPhase section */

/* Begin PBXTargetDependency section */
		B5A61DA9297ECD200065FADC /* PBXTargetDependency */ = {
			isa = PBXTargetDependency;
			target = B51C4BB72972032800FEEF50 /* DonorTrack */;
			targetProxy = B5A61DA8297ECD200065FADC /* PBXContainerItemProxy */;
		};
/* End PBXTargetDependency section */

/* Begin XCBuildConfiguration section */
		B51C4BC42972032900FEEF50 /* Debug */ = {
			isa = XCBuildConfiguration;
			buildSettings = {
				ALWAYS_SEARCH_USER_PATHS = NO;
				CLANG_ANALYZER_NONNULL = YES;
				CLANG_ANALYZER_NUMBER_OBJECT_CONVERSION = YES_AGGRESSIVE;
				CLANG_CXX_LANGUAGE_STANDARD = "gnu++20";
				CLANG_ENABLE_MODULES = YES;
				CLANG_ENABLE_OBJC_ARC = YES;
				CLANG_ENABLE_OBJC_WEAK = YES;
				CLANG_WARN_BLOCK_CAPTURE_AUTORELEASING = YES;
				CLANG_WARN_BOOL_CONVERSION = YES;
				CLANG_WARN_COMMA = YES;
				CLANG_WARN_CONSTANT_CONVERSION = YES;
				CLANG_WARN_DEPRECATED_OBJC_IMPLEMENTATIONS = YES;
				CLANG_WARN_DIRECT_OBJC_ISA_USAGE = YES_ERROR;
				CLANG_WARN_DOCUMENTATION_COMMENTS = YES;
				CLANG_WARN_EMPTY_BODY = YES;
				CLANG_WARN_ENUM_CONVERSION = YES;
				CLANG_WARN_INFINITE_RECURSION = YES;
				CLANG_WARN_INT_CONVERSION = YES;
				CLANG_WARN_NON_LITERAL_NULL_CONVERSION = YES;
				CLANG_WARN_OBJC_IMPLICIT_RETAIN_SELF = YES;
				CLANG_WARN_OBJC_LITERAL_CONVERSION = YES;
				CLANG_WARN_OBJC_ROOT_CLASS = YES_ERROR;
				CLANG_WARN_QUOTED_INCLUDE_IN_FRAMEWORK_HEADER = YES;
				CLANG_WARN_RANGE_LOOP_ANALYSIS = YES;
				CLANG_WARN_STRICT_PROTOTYPES = YES;
				CLANG_WARN_SUSPICIOUS_MOVE = YES;
				CLANG_WARN_UNGUARDED_AVAILABILITY = YES_AGGRESSIVE;
				CLANG_WARN_UNREACHABLE_CODE = YES;
				CLANG_WARN__DUPLICATE_METHOD_MATCH = YES;
				COPY_PHASE_STRIP = NO;
				DEBUG_INFORMATION_FORMAT = dwarf;
				ENABLE_STRICT_OBJC_MSGSEND = YES;
				ENABLE_TESTABILITY = YES;
				GCC_C_LANGUAGE_STANDARD = gnu11;
				GCC_DYNAMIC_NO_PIC = NO;
				GCC_NO_COMMON_BLOCKS = YES;
				GCC_OPTIMIZATION_LEVEL = 0;
				GCC_PREPROCESSOR_DEFINITIONS = (
					"DEBUG=1",
					"$(inherited)",
				);
				GCC_WARN_64_TO_32_BIT_CONVERSION = YES;
				GCC_WARN_ABOUT_RETURN_TYPE = YES_ERROR;
				GCC_WARN_UNDECLARED_SELECTOR = YES;
				GCC_WARN_UNINITIALIZED_AUTOS = YES_AGGRESSIVE;
				GCC_WARN_UNUSED_FUNCTION = YES;
				GCC_WARN_UNUSED_VARIABLE = YES;
				IPHONEOS_DEPLOYMENT_TARGET = 16.0;
				MTL_ENABLE_DEBUG_INFO = INCLUDE_SOURCE;
				MTL_FAST_MATH = YES;
				ONLY_ACTIVE_ARCH = YES;
				SDKROOT = iphoneos;
				SWIFT_ACTIVE_COMPILATION_CONDITIONS = DEBUG;
				SWIFT_OPTIMIZATION_LEVEL = "-Onone";
			};
			name = Debug;
		};
		B51C4BC52972032900FEEF50 /* Release */ = {
			isa = XCBuildConfiguration;
			buildSettings = {
				ALWAYS_SEARCH_USER_PATHS = NO;
				CLANG_ANALYZER_NONNULL = YES;
				CLANG_ANALYZER_NUMBER_OBJECT_CONVERSION = YES_AGGRESSIVE;
				CLANG_CXX_LANGUAGE_STANDARD = "gnu++20";
				CLANG_ENABLE_MODULES = YES;
				CLANG_ENABLE_OBJC_ARC = YES;
				CLANG_ENABLE_OBJC_WEAK = YES;
				CLANG_WARN_BLOCK_CAPTURE_AUTORELEASING = YES;
				CLANG_WARN_BOOL_CONVERSION = YES;
				CLANG_WARN_COMMA = YES;
				CLANG_WARN_CONSTANT_CONVERSION = YES;
				CLANG_WARN_DEPRECATED_OBJC_IMPLEMENTATIONS = YES;
				CLANG_WARN_DIRECT_OBJC_ISA_USAGE = YES_ERROR;
				CLANG_WARN_DOCUMENTATION_COMMENTS = YES;
				CLANG_WARN_EMPTY_BODY = YES;
				CLANG_WARN_ENUM_CONVERSION = YES;
				CLANG_WARN_INFINITE_RECURSION = YES;
				CLANG_WARN_INT_CONVERSION = YES;
				CLANG_WARN_NON_LITERAL_NULL_CONVERSION = YES;
				CLANG_WARN_OBJC_IMPLICIT_RETAIN_SELF = YES;
				CLANG_WARN_OBJC_LITERAL_CONVERSION = YES;
				CLANG_WARN_OBJC_ROOT_CLASS = YES_ERROR;
				CLANG_WARN_QUOTED_INCLUDE_IN_FRAMEWORK_HEADER = YES;
				CLANG_WARN_RANGE_LOOP_ANALYSIS = YES;
				CLANG_WARN_STRICT_PROTOTYPES = YES;
				CLANG_WARN_SUSPICIOUS_MOVE = YES;
				CLANG_WARN_UNGUARDED_AVAILABILITY = YES_AGGRESSIVE;
				CLANG_WARN_UNREACHABLE_CODE = YES;
				CLANG_WARN__DUPLICATE_METHOD_MATCH = YES;
				COPY_PHASE_STRIP = NO;
				DEBUG_INFORMATION_FORMAT = "dwarf-with-dsym";
				ENABLE_NS_ASSERTIONS = NO;
				ENABLE_STRICT_OBJC_MSGSEND = YES;
				GCC_C_LANGUAGE_STANDARD = gnu11;
				GCC_NO_COMMON_BLOCKS = YES;
				GCC_WARN_64_TO_32_BIT_CONVERSION = YES;
				GCC_WARN_ABOUT_RETURN_TYPE = YES_ERROR;
				GCC_WARN_UNDECLARED_SELECTOR = YES;
				GCC_WARN_UNINITIALIZED_AUTOS = YES_AGGRESSIVE;
				GCC_WARN_UNUSED_FUNCTION = YES;
				GCC_WARN_UNUSED_VARIABLE = YES;
				IPHONEOS_DEPLOYMENT_TARGET = 16.0;
				MTL_ENABLE_DEBUG_INFO = NO;
				MTL_FAST_MATH = YES;
				SDKROOT = iphoneos;
				SWIFT_COMPILATION_MODE = wholemodule;
				SWIFT_OPTIMIZATION_LEVEL = "-O";
				VALIDATE_PRODUCT = YES;
			};
			name = Release;
		};
		B51C4BC72972032900FEEF50 /* Debug */ = {
			isa = XCBuildConfiguration;
			buildSettings = {
				ASSETCATALOG_COMPILER_APPICON_NAME = AppIcon;
				ASSETCATALOG_COMPILER_GLOBAL_ACCENT_COLOR_NAME = AccentColor;
				CODE_SIGN_STYLE = Automatic;
				CURRENT_PROJECT_VERSION = 2;
				DEVELOPMENT_ASSET_PATHS = "\"DonorTrack/Preview Content\"";
				DEVELOPMENT_TEAM = 5M7L7W2WHX;
				DOCC_HOSTING_BASE_PATH = DonorTrack_remote;
				ENABLE_PREVIEWS = YES;
				GENERATE_INFOPLIST_FILE = YES;
				INFOPLIST_FILE = DonorTrack/Info.plist;
				INFOPLIST_KEY_CFBundleDisplayName = "Donor Track";
				INFOPLIST_KEY_LSApplicationCategoryType = "public.app-category.utilities";
				INFOPLIST_KEY_UIApplicationSupportsIndirectInputEvents = YES;
				INFOPLIST_KEY_UILaunchScreen_Generation = YES;
				INFOPLIST_KEY_UISupportedInterfaceOrientations = UIInterfaceOrientationPortrait;
				INFOPLIST_KEY_UISupportedInterfaceOrientations_iPad = "UIInterfaceOrientationLandscapeLeft UIInterfaceOrientationLandscapeRight UIInterfaceOrientationPortrait UIInterfaceOrientationPortraitUpsideDown";
				IPHONEOS_DEPLOYMENT_TARGET = 16.0;
				LD_RUNPATH_SEARCH_PATHS = (
					"$(inherited)",
					"@executable_path/Frameworks",
				);
				MARKETING_VERSION = 1.3;
				PRODUCT_BUNDLE_IDENTIFIER = com.hunterdobbapps.DonorTrack;
				PRODUCT_NAME = "$(TARGET_NAME)";
				SUPPORTED_PLATFORMS = "iphoneos iphonesimulator";
				SUPPORTS_MACCATALYST = NO;
				SUPPORTS_MAC_DESIGNED_FOR_IPHONE_IPAD = NO;
				SWIFT_EMIT_LOC_STRINGS = YES;
				SWIFT_VERSION = 5.0;
				TARGETED_DEVICE_FAMILY = 1;
			};
			name = Debug;
		};
		B51C4BC82972032900FEEF50 /* Release */ = {
			isa = XCBuildConfiguration;
			buildSettings = {
				ASSETCATALOG_COMPILER_APPICON_NAME = AppIcon;
				ASSETCATALOG_COMPILER_GLOBAL_ACCENT_COLOR_NAME = AccentColor;
				CODE_SIGN_STYLE = Automatic;
				CURRENT_PROJECT_VERSION = 2;
				DEVELOPMENT_ASSET_PATHS = "\"DonorTrack/Preview Content\"";
				DEVELOPMENT_TEAM = 5M7L7W2WHX;
				DOCC_HOSTING_BASE_PATH = DonorTrack_remote;
				ENABLE_PREVIEWS = YES;
				GENERATE_INFOPLIST_FILE = YES;
				INFOPLIST_FILE = DonorTrack/Info.plist;
				INFOPLIST_KEY_CFBundleDisplayName = "Donor Track";
				INFOPLIST_KEY_LSApplicationCategoryType = "public.app-category.utilities";
				INFOPLIST_KEY_UIApplicationSupportsIndirectInputEvents = YES;
				INFOPLIST_KEY_UILaunchScreen_Generation = YES;
				INFOPLIST_KEY_UISupportedInterfaceOrientations = UIInterfaceOrientationPortrait;
				INFOPLIST_KEY_UISupportedInterfaceOrientations_iPad = "UIInterfaceOrientationLandscapeLeft UIInterfaceOrientationLandscapeRight UIInterfaceOrientationPortrait UIInterfaceOrientationPortraitUpsideDown";
				IPHONEOS_DEPLOYMENT_TARGET = 16.0;
				LD_RUNPATH_SEARCH_PATHS = (
					"$(inherited)",
					"@executable_path/Frameworks",
				);
				MARKETING_VERSION = 1.3;
				PRODUCT_BUNDLE_IDENTIFIER = com.hunterdobbapps.DonorTrack;
				PRODUCT_NAME = "$(TARGET_NAME)";
				SUPPORTED_PLATFORMS = "iphoneos iphonesimulator";
				SUPPORTS_MACCATALYST = NO;
				SUPPORTS_MAC_DESIGNED_FOR_IPHONE_IPAD = NO;
				SWIFT_EMIT_LOC_STRINGS = YES;
				SWIFT_VERSION = 5.0;
				TARGETED_DEVICE_FAMILY = 1;
			};
			name = Release;
		};
		B5A61DAA297ECD200065FADC /* Debug */ = {
			isa = XCBuildConfiguration;
			buildSettings = {
				BUNDLE_LOADER = "$(TEST_HOST)";
				CODE_SIGN_STYLE = Automatic;
				CURRENT_PROJECT_VERSION = 1;
				DEVELOPMENT_TEAM = 5M7L7W2WHX;
				GENERATE_INFOPLIST_FILE = YES;
				IPHONEOS_DEPLOYMENT_TARGET = 16.0;
				MARKETING_VERSION = 1.0;
				PRODUCT_BUNDLE_IDENTIFIER = com.hunterdobbapps.DonorTrackTests;
				PRODUCT_NAME = "$(TARGET_NAME)";
				SWIFT_EMIT_LOC_STRINGS = NO;
				SWIFT_VERSION = 5.0;
				TARGETED_DEVICE_FAMILY = "1,2";
				TEST_HOST = "$(BUILT_PRODUCTS_DIR)/DonorTrack.app/$(BUNDLE_EXECUTABLE_FOLDER_PATH)/DonorTrack";
			};
			name = Debug;
		};
		B5A61DAB297ECD200065FADC /* Release */ = {
			isa = XCBuildConfiguration;
			buildSettings = {
				BUNDLE_LOADER = "$(TEST_HOST)";
				CODE_SIGN_STYLE = Automatic;
				CURRENT_PROJECT_VERSION = 1;
				DEVELOPMENT_TEAM = 5M7L7W2WHX;
				GENERATE_INFOPLIST_FILE = YES;
				IPHONEOS_DEPLOYMENT_TARGET = 16.0;
				MARKETING_VERSION = 1.0;
				PRODUCT_BUNDLE_IDENTIFIER = com.hunterdobbapps.DonorTrackTests;
				PRODUCT_NAME = "$(TARGET_NAME)";
				SWIFT_EMIT_LOC_STRINGS = NO;
				SWIFT_VERSION = 5.0;
				TARGETED_DEVICE_FAMILY = "1,2";
				TEST_HOST = "$(BUILT_PRODUCTS_DIR)/DonorTrack.app/$(BUNDLE_EXECUTABLE_FOLDER_PATH)/DonorTrack";
			};
			name = Release;
		};
/* End XCBuildConfiguration section */

/* Begin XCConfigurationList section */
		B51C4BB32972032800FEEF50 /* Build configuration list for PBXProject "DonorTrack" */ = {
			isa = XCConfigurationList;
			buildConfigurations = (
				B51C4BC42972032900FEEF50 /* Debug */,
				B51C4BC52972032900FEEF50 /* Release */,
			);
			defaultConfigurationIsVisible = 0;
			defaultConfigurationName = Release;
		};
		B51C4BC62972032900FEEF50 /* Build configuration list for PBXNativeTarget "DonorTrack" */ = {
			isa = XCConfigurationList;
			buildConfigurations = (
				B51C4BC72972032900FEEF50 /* Debug */,
				B51C4BC82972032900FEEF50 /* Release */,
			);
			defaultConfigurationIsVisible = 0;
			defaultConfigurationName = Release;
		};
		B5A61DAC297ECD200065FADC /* Build configuration list for PBXNativeTarget "DonorTrackTests" */ = {
			isa = XCConfigurationList;
			buildConfigurations = (
				B5A61DAA297ECD200065FADC /* Debug */,
				B5A61DAB297ECD200065FADC /* Release */,
			);
			defaultConfigurationIsVisible = 0;
			defaultConfigurationName = Release;
		};
/* End XCConfigurationList section */

/* Begin XCVersionGroup section */
		B51C4BD02972056900FEEF50 /* DonationsDataModel.xcdatamodeld */ = {
			isa = XCVersionGroup;
			children = (
				B51C4BD12972056900FEEF50 /* DonationsDataModel.xcdatamodel */,
			);
			currentVersion = B51C4BD12972056900FEEF50 /* DonationsDataModel.xcdatamodel */;
			path = DonationsDataModel.xcdatamodeld;
			sourceTree = "<group>";
			versionGroupType = wrapper.xcdatamodel;
		};
/* End XCVersionGroup section */
	};
	rootObject = B51C4BB02972032800FEEF50 /* Project object */;
}
